
Microsoft Visual Studio Solution File, Format Version 12.00
# Visual Studio Version 16
VisualStudioVersion = 16.0.30907.101
MinimumVisualStudioVersion = 10.0.40219.1
Project("{FAE04EC0-301F-11D3-BF4B-00C04F79EFBC}") = "workshop1", "workshop1.csproj", "{28A500C5-645F-4DE8-897E-8693A06B2C15}"
EndProject
Global
	GlobalSection(SolutionConfigurationPlatforms) = preSolution
		Debug|Any CPU = Debug|Any CPU
		Release|Any CPU = Release|Any CPU
	EndGlobalSection
	GlobalSection(ProjectConfigurationPlatforms) = postSolution
		{28A500C5-645F-4DE8-897E-8693A06B2C15}.Debug|Any CPU.ActiveCfg = Debug|Any CPU
		{28A500C5-645F-4DE8-897E-8693A06B2C15}.Debug|Any CPU.Build.0 = Debug|Any CPU
		{28A500C5-645F-4DE8-897E-8693A06B2C15}.Release|Any CPU.ActiveCfg = Release|Any CPU
		{28A500C5-645F-4DE8-897E-8693A06B2C15}.Release|Any CPU.Build.0 = Release|Any CPU
	EndGlobalSection
	GlobalSection(SolutionProperties) = preSolution
		HideSolutionNode = FALSE
	EndGlobalSection
	GlobalSection(ExtensibilityGlobals) = postSolution
		SolutionGuid = {D2E0C890-6FD2-46C3-B8F4-2732396CBD06}
	EndGlobalSection
EndGlobal
